
Microsoft Visual Studio Solution File, Format Version 12.00
# Visual Studio Version 17
VisualStudioVersion = 17.9.34622.214
MinimumVisualStudioVersion = 10.0.40219.1
Project("{9A19103F-16F7-4668-BE54-9A1E7A4F7556}") = "SimpleWebAPI", "SimpleWebAPI\SimpleWebAPI.csproj", "{7D77E9AD-D6A1-49D1-8B12-BD0BAE306DC8}"
EndProject
Global
	GlobalSection(SolutionConfigurationPlatforms) = preSolution
		Debug|Any CPU = Debug|Any CPU
		Release|Any CPU = Release|Any CPU
	EndGlobalSection
	GlobalSection(ProjectConfigurationPlatforms) = postSolution
		{7D77E9AD-D6A1-49D1-8B12-BD0BAE306DC8}.Debug|Any CPU.ActiveCfg = Debug|Any CPU
		{7D77E9AD-D6A1-49D1-8B12-BD0BAE306DC8}.Debug|Any CPU.Build.0 = Debug|Any CPU
		{7D77E9AD-D6A1-49D1-8B12-BD0BAE306DC8}.Release|Any CPU.ActiveCfg = Release|Any CPU
		{7D77E9AD-D6A1-49D1-8B12-BD0BAE306DC8}.Release|Any CPU.Build.0 = Release|Any CPU
	EndGlobalSection
	GlobalSection(SolutionProperties) = preSolution
		HideSolutionNode = FALSE
	EndGlobalSection
	GlobalSection(ExtensibilityGlobals) = postSolution
		SolutionGuid = {7CCC93E7-8390-4E50-BAF7-922A9F5DE82B}
	EndGlobalSection
EndGlobal
